
Microsoft Visual Studio Solution File, Format Version 12.00
# Visual Studio Version 16
VisualStudioVersion = 16.0.31702.278
MinimumVisualStudioVersion = 10.0.40219.1
Project("{FAE04EC0-301F-11D3-BF4B-00C04F79EFBC}") = "Homework 6-9", "Homework 6-9.csproj", "{CCA0BC87-CE4C-4B9F-AA3A-1674135CAE18}"
EndProject
Global
	GlobalSection(SolutionConfigurationPlatforms) = preSolution
		Debug|Any CPU = Debug|Any CPU
		Release|Any CPU = Release|Any CPU
	EndGlobalSection
	GlobalSection(ProjectConfigurationPlatforms) = postSolution
		{CCA0BC87-CE4C-4B9F-AA3A-1674135CAE18}.Debug|Any CPU.ActiveCfg = Debug|Any CPU
		{CCA0BC87-CE4C-4B9F-AA3A-1674135CAE18}.Debug|Any CPU.Build.0 = Debug|Any CPU
		{CCA0BC87-CE4C-4B9F-AA3A-1674135CAE18}.Release|Any CPU.ActiveCfg = Release|Any CPU
		{CCA0BC87-CE4C-4B9F-AA3A-1674135CAE18}.Release|Any CPU.Build.0 = Release|Any CPU
	EndGlobalSection
	GlobalSection(SolutionProperties) = preSolution
		HideSolutionNode = FALSE
	EndGlobalSection
	GlobalSection(ExtensibilityGlobals) = postSolution
		SolutionGuid = {A43AB06E-F338-424E-A92F-F27AA4147998}
	EndGlobalSection
EndGlobal
