
Microsoft Visual Studio Solution File, Format Version 12.00
# Visual Studio Version 16
VisualStudioVersion = 16.0.31624.102
MinimumVisualStudioVersion = 10.0.40219.1
Project("{FAE04EC0-301F-11D3-BF4B-00C04F79EFBC}") = "Homework5.WebApi", "Homework5.WebApi\Homework5.WebApi.csproj", "{80D9FA49-A2B2-4221-A419-E17FECD47557}"
EndProject
Project("{FAE04EC0-301F-11D3-BF4B-00C04F79EFBC}") = "Homework5.DAL", "Homework5.DAL\Homework5.DAL.csproj", "{D868D188-0E11-4F82-ABBE-CC0C9FF70D2E}"
EndProject
Project("{FAE04EC0-301F-11D3-BF4B-00C04F79EFBC}") = "Homework5.BLL", "Homework5.BLL\Homework5.BLL.csproj", "{E963F692-A273-47ED-BC4B-54DAEDF9749A}"
EndProject
Project("{FAE04EC0-301F-11D3-BF4B-00C04F79EFBC}") = "Homework5.Tests", "Homework5.Tests\Homework5.Tests.csproj", "{A1CD7E39-07B4-4121-B85C-006920CE6FBA}"
EndProject
Global
	GlobalSection(SolutionConfigurationPlatforms) = preSolution
		Debug|Any CPU = Debug|Any CPU
		Release|Any CPU = Release|Any CPU
	EndGlobalSection
	GlobalSection(ProjectConfigurationPlatforms) = postSolution
		{80D9FA49-A2B2-4221-A419-E17FECD47557}.Debug|Any CPU.ActiveCfg = Debug|Any CPU
		{80D9FA49-A2B2-4221-A419-E17FECD47557}.Debug|Any CPU.Build.0 = Debug|Any CPU
		{80D9FA49-A2B2-4221-A419-E17FECD47557}.Release|Any CPU.ActiveCfg = Release|Any CPU
		{80D9FA49-A2B2-4221-A419-E17FECD47557}.Release|Any CPU.Build.0 = Release|Any CPU
		{D868D188-0E11-4F82-ABBE-CC0C9FF70D2E}.Debug|Any CPU.ActiveCfg = Debug|Any CPU
		{D868D188-0E11-4F82-ABBE-CC0C9FF70D2E}.Debug|Any CPU.Build.0 = Debug|Any CPU
		{D868D188-0E11-4F82-ABBE-CC0C9FF70D2E}.Release|Any CPU.ActiveCfg = Release|Any CPU
		{D868D188-0E11-4F82-ABBE-CC0C9FF70D2E}.Release|Any CPU.Build.0 = Release|Any CPU
		{E963F692-A273-47ED-BC4B-54DAEDF9749A}.Debug|Any CPU.ActiveCfg = Debug|Any CPU
		{E963F692-A273-47ED-BC4B-54DAEDF9749A}.Debug|Any CPU.Build.0 = Debug|Any CPU
		{E963F692-A273-47ED-BC4B-54DAEDF9749A}.Release|Any CPU.ActiveCfg = Release|Any CPU
		{E963F692-A273-47ED-BC4B-54DAEDF9749A}.Release|Any CPU.Build.0 = Release|Any CPU
		{A1CD7E39-07B4-4121-B85C-006920CE6FBA}.Debug|Any CPU.ActiveCfg = Debug|Any CPU
		{A1CD7E39-07B4-4121-B85C-006920CE6FBA}.Debug|Any CPU.Build.0 = Debug|Any CPU
		{A1CD7E39-07B4-4121-B85C-006920CE6FBA}.Release|Any CPU.ActiveCfg = Release|Any CPU
		{A1CD7E39-07B4-4121-B85C-006920CE6FBA}.Release|Any CPU.Build.0 = Release|Any CPU
	EndGlobalSection
	GlobalSection(SolutionProperties) = preSolution
		HideSolutionNode = FALSE
	EndGlobalSection
	GlobalSection(ExtensibilityGlobals) = postSolution
		SolutionGuid = {CD694164-507E-4F8B-9E6F-79504D46B5E5}
	EndGlobalSection
EndGlobal
