
Microsoft Visual Studio Solution File, Format Version 12.00
# Visual Studio Version 16
VisualStudioVersion = 16.0.31613.86
MinimumVisualStudioVersion = 10.0.40219.1
Project("{FAE04EC0-301F-11D3-BF4B-00C04F79EFBC}") = "HomeworkApplication", "HomeworkApplication\HomeworkApplication.csproj", "{38AD24BC-5E78-41F2-813E-27C1369EC096}"
EndProject
Project("{FAE04EC0-301F-11D3-BF4B-00C04F79EFBC}") = "TestProject", "TestProject\TestProject.csproj", "{0EA41E55-36DD-4043-A0E4-429F9527153E}"
EndProject
Global
	GlobalSection(SolutionConfigurationPlatforms) = preSolution
		Debug|Any CPU = Debug|Any CPU
		Release|Any CPU = Release|Any CPU
	EndGlobalSection
	GlobalSection(ProjectConfigurationPlatforms) = postSolution
		{38AD24BC-5E78-41F2-813E-27C1369EC096}.Debug|Any CPU.ActiveCfg = Debug|Any CPU
		{38AD24BC-5E78-41F2-813E-27C1369EC096}.Debug|Any CPU.Build.0 = Debug|Any CPU
		{38AD24BC-5E78-41F2-813E-27C1369EC096}.Release|Any CPU.ActiveCfg = Release|Any CPU
		{38AD24BC-5E78-41F2-813E-27C1369EC096}.Release|Any CPU.Build.0 = Release|Any CPU
		{0EA41E55-36DD-4043-A0E4-429F9527153E}.Debug|Any CPU.ActiveCfg = Debug|Any CPU
		{0EA41E55-36DD-4043-A0E4-429F9527153E}.Debug|Any CPU.Build.0 = Debug|Any CPU
		{0EA41E55-36DD-4043-A0E4-429F9527153E}.Release|Any CPU.ActiveCfg = Release|Any CPU
		{0EA41E55-36DD-4043-A0E4-429F9527153E}.Release|Any CPU.Build.0 = Release|Any CPU
	EndGlobalSection
	GlobalSection(SolutionProperties) = preSolution
		HideSolutionNode = FALSE
	EndGlobalSection
	GlobalSection(ExtensibilityGlobals) = postSolution
		SolutionGuid = {1DA08083-B25D-49D7-9273-810FF03C9B54}
	EndGlobalSection
EndGlobal
