
Microsoft Visual Studio Solution File, Format Version 12.00
# Visual Studio Version 16
VisualStudioVersion = 16.0.31624.102
MinimumVisualStudioVersion = 10.0.40219.1
Project("{FAE04EC0-301F-11D3-BF4B-00C04F79EFBC}") = "Homework3", "Homework3\Homework3.csproj", "{AAD14C95-CC0E-4B98-8D43-462499F136FA}"
EndProject
Project("{FAE04EC0-301F-11D3-BF4B-00C04F79EFBC}") = "EndPointsTests", "EndPointsTests\EndPointsTests.csproj", "{C23DCFCD-C2CD-4611-BDA5-D2655E960A89}"
EndProject
Global
	GlobalSection(SolutionConfigurationPlatforms) = preSolution
		Debug|Any CPU = Debug|Any CPU
		Release|Any CPU = Release|Any CPU
	EndGlobalSection
	GlobalSection(ProjectConfigurationPlatforms) = postSolution
		{AAD14C95-CC0E-4B98-8D43-462499F136FA}.Debug|Any CPU.ActiveCfg = Debug|Any CPU
		{AAD14C95-CC0E-4B98-8D43-462499F136FA}.Debug|Any CPU.Build.0 = Debug|Any CPU
		{AAD14C95-CC0E-4B98-8D43-462499F136FA}.Release|Any CPU.ActiveCfg = Release|Any CPU
		{AAD14C95-CC0E-4B98-8D43-462499F136FA}.Release|Any CPU.Build.0 = Release|Any CPU
		{C23DCFCD-C2CD-4611-BDA5-D2655E960A89}.Debug|Any CPU.ActiveCfg = Debug|Any CPU
		{C23DCFCD-C2CD-4611-BDA5-D2655E960A89}.Debug|Any CPU.Build.0 = Debug|Any CPU
		{C23DCFCD-C2CD-4611-BDA5-D2655E960A89}.Release|Any CPU.ActiveCfg = Release|Any CPU
		{C23DCFCD-C2CD-4611-BDA5-D2655E960A89}.Release|Any CPU.Build.0 = Release|Any CPU
	EndGlobalSection
	GlobalSection(SolutionProperties) = preSolution
		HideSolutionNode = FALSE
	EndGlobalSection
	GlobalSection(ExtensibilityGlobals) = postSolution
		SolutionGuid = {FC8E7A54-5558-4C26-98C9-195F5E83AD3C}
	EndGlobalSection
EndGlobal
